
Microsoft Visual Studio Solution File, Format Version 12.00
# Visual Studio Version 17
VisualStudioVersion = 17.0.32126.317
MinimumVisualStudioVersion = 10.0.40219.1
Project("{FAE04EC0-301F-11D3-BF4B-00C04F79EFBC}") = "POO", "POO.csproj", "{AE740215-A5CC-4843-ADE7-8C59189431BD}"
EndProject
Global
	GlobalSection(SolutionConfigurationPlatforms) = preSolution
		Debug|Any CPU = Debug|Any CPU
		Release|Any CPU = Release|Any CPU
	EndGlobalSection
	GlobalSection(ProjectConfigurationPlatforms) = postSolution
		{AE740215-A5CC-4843-ADE7-8C59189431BD}.Debug|Any CPU.ActiveCfg = Debug|Any CPU
		{AE740215-A5CC-4843-ADE7-8C59189431BD}.Debug|Any CPU.Build.0 = Debug|Any CPU
		{AE740215-A5CC-4843-ADE7-8C59189431BD}.Release|Any CPU.ActiveCfg = Release|Any CPU
		{AE740215-A5CC-4843-ADE7-8C59189431BD}.Release|Any CPU.Build.0 = Release|Any CPU
	EndGlobalSection
	GlobalSection(SolutionProperties) = preSolution
		HideSolutionNode = FALSE
	EndGlobalSection
	GlobalSection(ExtensibilityGlobals) = postSolution
		SolutionGuid = {0E38097E-CC77-4969-97B1-CC2094C29BDB}
	EndGlobalSection
EndGlobal
